
Microsoft Visual Studio Solution File, Format Version 12.00
# Visual Studio Version 17
VisualStudioVersion = 17.14.36623.8
MinimumVisualStudioVersion = 10.0.40219.1
Project("{FAE04EC0-301F-11D3-BF4B-00C04F79EFBC}") = "MultiExpensesAPI", "MultiExpensesAPI\MultiExpensesAPI.csproj", "{404C5B5F-45CE-47B8-9AAA-44E44231AE5C}"
EndProject
Project("{FAE04EC0-301F-11D3-BF4B-00C04F79EFBC}") = "MultiExpensesAPI.Tests", "MultiExpensesAPI.Tests\MultiExpensesAPI.Tests.csproj", "{24153107-B99B-479A-8F3B-3E5565EED0BE}"
EndProject
Global
	GlobalSection(SolutionConfigurationPlatforms) = preSolution
		Debug|Any CPU = Debug|Any CPU
		Debug|x64 = Debug|x64
		Debug|x86 = Debug|x86
		Release|Any CPU = Release|Any CPU
		Release|x64 = Release|x64
		Release|x86 = Release|x86
	EndGlobalSection
	GlobalSection(ProjectConfigurationPlatforms) = postSolution
		{404C5B5F-45CE-47B8-9AAA-44E44231AE5C}.Debug|Any CPU.ActiveCfg = Debug|Any CPU
		{404C5B5F-45CE-47B8-9AAA-44E44231AE5C}.Debug|Any CPU.Build.0 = Debug|Any CPU
		{404C5B5F-45CE-47B8-9AAA-44E44231AE5C}.Debug|x64.ActiveCfg = Debug|Any CPU
		{404C5B5F-45CE-47B8-9AAA-44E44231AE5C}.Debug|x64.Build.0 = Debug|Any CPU
		{404C5B5F-45CE-47B8-9AAA-44E44231AE5C}.Debug|x86.ActiveCfg = Debug|Any CPU
		{404C5B5F-45CE-47B8-9AAA-44E44231AE5C}.Debug|x86.Build.0 = Debug|Any CPU
		{404C5B5F-45CE-47B8-9AAA-44E44231AE5C}.Release|Any CPU.ActiveCfg = Release|Any CPU
		{404C5B5F-45CE-47B8-9AAA-44E44231AE5C}.Release|Any CPU.Build.0 = Release|Any CPU
		{404C5B5F-45CE-47B8-9AAA-44E44231AE5C}.Release|x64.ActiveCfg = Release|Any CPU
		{404C5B5F-45CE-47B8-9AAA-44E44231AE5C}.Release|x64.Build.0 = Release|Any CPU
		{404C5B5F-45CE-47B8-9AAA-44E44231AE5C}.Release|x86.ActiveCfg = Release|Any CPU
		{404C5B5F-45CE-47B8-9AAA-44E44231AE5C}.Release|x86.Build.0 = Release|Any CPU
		{24153107-B99B-479A-8F3B-3E5565EED0BE}.Debug|Any CPU.ActiveCfg = Debug|Any CPU
		{24153107-B99B-479A-8F3B-3E5565EED0BE}.Debug|Any CPU.Build.0 = Debug|Any CPU
		{24153107-B99B-479A-8F3B-3E5565EED0BE}.Debug|x64.ActiveCfg = Debug|Any CPU
		{24153107-B99B-479A-8F3B-3E5565EED0BE}.Debug|x64.Build.0 = Debug|Any CPU
		{24153107-B99B-479A-8F3B-3E5565EED0BE}.Debug|x86.ActiveCfg = Debug|Any CPU
		{24153107-B99B-479A-8F3B-3E5565EED0BE}.Debug|x86.Build.0 = Debug|Any CPU
		{24153107-B99B-479A-8F3B-3E5565EED0BE}.Release|Any CPU.ActiveCfg = Release|Any CPU
		{24153107-B99B-479A-8F3B-3E5565EED0BE}.Release|Any CPU.Build.0 = Release|Any CPU
		{24153107-B99B-479A-8F3B-3E5565EED0BE}.Release|x64.ActiveCfg = Release|Any CPU
		{24153107-B99B-479A-8F3B-3E5565EED0BE}.Release|x64.Build.0 = Release|Any CPU
		{24153107-B99B-479A-8F3B-3E5565EED0BE}.Release|x86.ActiveCfg = Release|Any CPU
		{24153107-B99B-479A-8F3B-3E5565EED0BE}.Release|x86.Build.0 = Release|Any CPU
	EndGlobalSection
	GlobalSection(SolutionProperties) = preSolution
		HideSolutionNode = FALSE
	EndGlobalSection
	GlobalSection(ExtensibilityGlobals) = postSolution
		SolutionGuid = {9BF85E36-5E70-492F-A0EE-DF1066B4DB98}
	EndGlobalSection
EndGlobal
